
Microsoft Visual Studio Solution File, Format Version 12.00
# Visual Studio Version 17
VisualStudioVersion = 17.4.33213.308
MinimumVisualStudioVersion = 10.0.40219.1
Project("{FAE04EC0-301F-11D3-BF4B-00C04F79EFBC}") = "TreesAndRays", "TreesAndRays\TreesAndRays.csproj", "{069D9F08-FE61-440A-B3BD-B49A55D23672}"
EndProject
Global
	GlobalSection(SolutionConfigurationPlatforms) = preSolution
		Debug|Any CPU = Debug|Any CPU
		Release|Any CPU = Release|Any CPU
	EndGlobalSection
	GlobalSection(ProjectConfigurationPlatforms) = postSolution
		{069D9F08-FE61-440A-B3BD-B49A55D23672}.Debug|Any CPU.ActiveCfg = Debug|Any CPU
		{069D9F08-FE61-440A-B3BD-B49A55D23672}.Debug|Any CPU.Build.0 = Debug|Any CPU
		{069D9F08-FE61-440A-B3BD-B49A55D23672}.Release|Any CPU.ActiveCfg = Release|Any CPU
		{069D9F08-FE61-440A-B3BD-B49A55D23672}.Release|Any CPU.Build.0 = Release|Any CPU
	EndGlobalSection
	GlobalSection(SolutionProperties) = preSolution
		HideSolutionNode = FALSE
	EndGlobalSection
	GlobalSection(ExtensibilityGlobals) = postSolution
		SolutionGuid = {62347803-7B29-4936-8B2E-7D449161558B}
	EndGlobalSection
EndGlobal
